
Microsoft Visual Studio Solution File, Format Version 12.00
# Visual Studio Version 16
VisualStudioVersion = 16.0.30225.117
MinimumVisualStudioVersion = 10.0.40219.1
Project("{FAE04EC0-301F-11D3-BF4B-00C04F79EFBC}") = "Lab 3.2 Shopping List", "Lab 3.2 Shopping List.csproj", "{539F8908-4450-4C87-9175-6CE6E56422B2}"
EndProject
Global
	GlobalSection(SolutionConfigurationPlatforms) = preSolution
		Debug|Any CPU = Debug|Any CPU
		Release|Any CPU = Release|Any CPU
	EndGlobalSection
	GlobalSection(ProjectConfigurationPlatforms) = postSolution
		{539F8908-4450-4C87-9175-6CE6E56422B2}.Debug|Any CPU.ActiveCfg = Debug|Any CPU
		{539F8908-4450-4C87-9175-6CE6E56422B2}.Debug|Any CPU.Build.0 = Debug|Any CPU
		{539F8908-4450-4C87-9175-6CE6E56422B2}.Release|Any CPU.ActiveCfg = Release|Any CPU
		{539F8908-4450-4C87-9175-6CE6E56422B2}.Release|Any CPU.Build.0 = Release|Any CPU
	EndGlobalSection
	GlobalSection(SolutionProperties) = preSolution
		HideSolutionNode = FALSE
	EndGlobalSection
	GlobalSection(ExtensibilityGlobals) = postSolution
		SolutionGuid = {57665353-015E-4449-B416-A65DD51FBBE7}
	EndGlobalSection
EndGlobal
